// !$*UTF8*$!
{
	archiveVersion = 1;
	classes = {
	};
	objectVersion = 48;
	objects = {

/* Begin PBXBuildFile section */
		391AEA791F82248900FDB639 /* AppDelegate.swift in Sources */ = {isa = PBXBuildFile; fileRef = 391AEA781F82248900FDB639 /* AppDelegate.swift */; };
		391AEA7B1F82248900FDB639 /* ViewController.swift in Sources */ = {isa = PBXBuildFile; fileRef = 391AEA7A1F82248900FDB639 /* ViewController.swift */; };
		391AEA7E1F82248900FDB639 /* Main.storyboard in Resources */ = {isa = PBXBuildFile; fileRef = 391AEA7C1F82248900FDB639 /* Main.storyboard */; };
		391AEA801F82248900FDB639 /* Assets.xcassets in Resources */ = {isa = PBXBuildFile; fileRef = 391AEA7F1F82248900FDB639 /* Assets.xcassets */; };
		391AEA831F82248900FDB639 /* LaunchScreen.storyboard in Resources */ = {isa = PBXBuildFile; fileRef = 391AEA811F82248900FDB639 /* LaunchScreen.storyboard */; };
		391AEA8C1F8224E900FDB639 /* Observable.swift in Sources */ = {isa = PBXBuildFile; fileRef = 391AEA8B1F8224E900FDB639 /* Observable.swift */; };
		391AEA8E1F82252600FDB639 /* Observer.swift in Sources */ = {isa = PBXBuildFile; fileRef = 391AEA8D1F82252600FDB639 /* Observer.swift */; };
		391AEA941F822BAE00FDB639 /* SpecificObserver1.swift in Sources */ = {isa = PBXBuildFile; fileRef = 391AEA931F822BAE00FDB639 /* SpecificObserver1.swift */; };
		391AEA961F822BBA00FDB639 /* SpecificObserver2.swift in Sources */ = {isa = PBXBuildFile; fileRef = 391AEA951F822BBA00FDB639 /* SpecificObserver2.swift */; };
		391AEA981F822D0900FDB639 /* SpecificObservable.swift in Sources */ = {isa = PBXBuildFile; fileRef = 391AEA971F822D0900FDB639 /* SpecificObservable.swift */; };
/* End PBXBuildFile section */

/* Begin PBXFileReference section */
		391AEA751F82248900FDB639 /* Observer_Swift_Demo.app */ = {isa = PBXFileReference; explicitFileType = wrapper.application; includeInIndex = 0; path = Observer_Swift_Demo.app; sourceTree = BUILT_PRODUCTS_DIR; };
		391AEA781F82248900FDB639 /* AppDelegate.swift */ = {isa = PBXFileReference; lastKnownFileType = sourcecode.swift; path = AppDelegate.swift; sourceTree = "<group>"; };
		391AEA7A1F82248900FDB639 /* ViewController.swift */ = {isa = PBXFileReference; lastKnownFileType = sourcecode.swift; path = ViewController.swift; sourceTree = "<group>"; };
		391AEA7D1F82248900FDB639 /* Base */ = {isa = PBXFileReference; lastKnownFileType = file.storyboard; name = Base; path = Base.lproj/Main.storyboard; sourceTree = "<group>"; };
		391AEA7F1F82248900FDB639 /* Assets.xcassets */ = {isa = PBXFileReference; lastKnownFileType = folder.assetcatalog; path = Assets.xcassets; sourceTree = "<group>"; };
		391AEA821F82248900FDB639 /* Base */ = {isa = PBXFileReference; lastKnownFileType = file.storyboard; name = Base; path = Base.lproj/LaunchScreen.storyboard; sourceTree = "<group>"; };
		391AEA841F82248900FDB639 /* Info.plist */ = {isa = PBXFileReference; lastKnownFileType = text.plist.xml; path = Info.plist; sourceTree = "<group>"; };
		391AEA8B1F8224E900FDB639 /* Observable.swift */ = {isa = PBXFileReference; lastKnownFileType = sourcecode.swift; path = Observable.swift; sourceTree = "<group>"; };
		391AEA8D1F82252600FDB639 /* Observer.swift */ = {isa = PBXFileReference; lastKnownFileType = sourcecode.swift; path = Observer.swift; sourceTree = "<group>"; };
		391AEA931F822BAE00FDB639 /* SpecificObserver1.swift */ = {isa = PBXFileReference; lastKnownFileType = sourcecode.swift; path = SpecificObserver1.swift; sourceTree = "<group>"; };
		391AEA951F822BBA00FDB639 /* SpecificObserver2.swift */ = {isa = PBXFileReference; lastKnownFileType = sourcecode.swift; path = SpecificObserver2.swift; sourceTree = "<group>"; };
		391AEA971F822D0900FDB639 /* SpecificObservable.swift */ = {isa = PBXFileReference; lastKnownFileType = sourcecode.swift; path = SpecificObservable.swift; sourceTree = "<group>"; };
/* End PBXFileReference section */

/* Begin PBXFrameworksBuildPhase section */
		391AEA721F82248900FDB639 /* Frameworks */ = {
			isa = PBXFrameworksBuildPhase;
			buildActionMask = 2147483647;
			files = (
			);
			runOnlyForDeploymentPostprocessing = 0;
		};
/* End PBXFrameworksBuildPhase section */

/* Begin PBXGroup section */
		391AEA6C1F82248800FDB639 = {
			isa = PBXGroup;
			children = (
				391AEA771F82248900FDB639 /* Observer_Swift_Demo */,
				391AEA761F82248900FDB639 /* Products */,
			);
			sourceTree = "<group>";
		};
		391AEA761F82248900FDB639 /* Products */ = {
			isa = PBXGroup;
			children = (
				391AEA751F82248900FDB639 /* Observer_Swift_Demo.app */,
			);
			name = Products;
			sourceTree = "<group>";
		};
		391AEA771F82248900FDB639 /* Observer_Swift_Demo */ = {
			isa = PBXGroup;
			children = (
				391AEA8A1F8224B600FDB639 /* Observer */,
				391AEA781F82248900FDB639 /* AppDelegate.swift */,
				391AEA7A1F82248900FDB639 /* ViewController.swift */,
				391AEA7C1F82248900FDB639 /* Main.storyboard */,
				391AEA7F1F82248900FDB639 /* Assets.xcassets */,
				391AEA811F82248900FDB639 /* LaunchScreen.storyboard */,
				391AEA841F82248900FDB639 /* Info.plist */,
			);
			path = Observer_Swift_Demo;
			sourceTree = "<group>";
		};
		391AEA8A1F8224B600FDB639 /* Observer */ = {
			isa = PBXGroup;
			children = (
				391AEA8B1F8224E900FDB639 /* Observable.swift */,
				391AEA931F822BAE00FDB639 /* SpecificObserver1.swift */,
				391AEA951F822BBA00FDB639 /* SpecificObserver2.swift */,
				391AEA971F822D0900FDB639 /* SpecificObservable.swift */,
				391AEA8D1F82252600FDB639 /* Observer.swift */,
			);
			path = Observer;
			sourceTree = "<group>";
		};
/* End PBXGroup section */

/* Begin PBXNativeTarget section */
		391AEA741F82248900FDB639 /* Observer_Swift_Demo */ = {
			isa = PBXNativeTarget;
			buildConfigurationList = 391AEA871F82248900FDB639 /* Build configuration list for PBXNativeTarget "Observer_Swift_Demo" */;
			buildPhases = (
				391AEA711F82248900FDB639 /* Sources */,
				391AEA721F82248900FDB639 /* Frameworks */,
				391AEA731F82248900FDB639 /* Resources */,
			);
			buildRules = (
			);
			dependencies = (
			);
			name = Observer_Swift_Demo;
			productName = Observer_Swift_Demo;
			productReference = 391AEA751F82248900FDB639 /* Observer_Swift_Demo.app */;
			productType = "com.apple.product-type.application";
		};
/* End PBXNativeTarget section */

/* Begin PBXProject section */
		391AEA6D1F82248800FDB639 /* Project object */ = {
			isa = PBXProject;
			attributes = {
				LastSwiftUpdateCheck = 0900;
				LastUpgradeCheck = 0900;
				ORGANIZATIONNAME = TXP;
				TargetAttributes = {
					391AEA741F82248900FDB639 = {
						CreatedOnToolsVersion = 9.0;
						ProvisioningStyle = Automatic;
					};
				};
			};
			buildConfigurationList = 391AEA701F82248800FDB639 /* Build configuration list for PBXProject "Observer_Swift_Demo" */;
			compatibilityVersion = "Xcode 8.0";
			developmentRegion = en;
			hasScannedForEncodings = 0;
			knownRegions = (
				en,
				Base,
			);
			mainGroup = 391AEA6C1F82248800FDB639;
			productRefGroup = 391AEA761F82248900FDB639 /* Products */;
			projectDirPath = "";
			projectRoot = "";
			targets = (
				391AEA741F82248900FDB639 /* Observer_Swift_Demo */,
			);
		};
/* End PBXProject section */

/* Begin PBXResourcesBuildPhase section */
		391AEA731F82248900FDB639 /* Resources */ = {
			isa = PBXResourcesBuildPhase;
			buildActionMask = 2147483647;
			files = (
				391AEA831F82248900FDB639 /* LaunchScreen.storyboard in Resources */,
				391AEA801F82248900FDB639 /* Assets.xcassets in Resources */,
				391AEA7E1F82248900FDB639 /* Main.storyboard in Resources */,
			);
			runOnlyForDeploymentPostprocessing = 0;
		};
/* End PBXResourcesBuildPhase section */

/* Begin PBXSourcesBuildPhase section */
		391AEA711F82248900FDB639 /* Sources */ = {
			isa = PBXSourcesBuildPhase;
			buildActionMask = 2147483647;
			files = (
				391AEA941F822BAE00FDB639 /* SpecificObserver1.swift in Sources */,
				391AEA7B1F82248900FDB639 /* ViewController.swift in Sources */,
				391AEA961F822BBA00FDB639 /* SpecificObserver2.swift in Sources */,
				391AEA981F822D0900FDB639 /* SpecificObservable.swift in Sources */,
				391AEA8E1F82252600FDB639 /* Observer.swift in Sources */,
				391AEA8C1F8224E900FDB639 /* Observable.swift in Sources */,
				391AEA791F82248900FDB639 /* AppDelegate.swift in Sources */,
			);
			runOnlyForDeploymentPostprocessing = 0;
		};
/* End PBXSourcesBuildPhase section */

/* Begin PBXVariantGroup section */
		391AEA7C1F82248900FDB639 /* Main.storyboard */ = {
			isa = PBXVariantGroup;
			children = (
				391AEA7D1F82248900FDB639 /* Base */,
			);
			name = Main.storyboard;
			sourceTree = "<group>";
		};
		391AEA811F82248900FDB639 /* LaunchScreen.storyboard */ = {
			isa = PBXVariantGroup;
			children = (
				391AEA821F82248900FDB639 /* Base */,
			);
			name = LaunchScreen.storyboard;
			sourceTree = "<group>";
		};
/* End PBXVariantGroup section */

/* Begin XCBuildConfiguration section */
		391AEA851F82248900FDB639 /* Debug */ = {
			isa = XCBuildConfiguration;
			buildSettings = {
				ALWAYS_SEARCH_USER_PATHS = NO;
				CLANG_ANALYZER_NONNULL = YES;
				CLANG_ANALYZER_NUMBER_OBJECT_CONVERSION = YES_AGGRESSIVE;
				CLANG_CXX_LANGUAGE_STANDARD = "gnu++14";
				CLANG_CXX_LIBRARY = "libc++";
				CLANG_ENABLE_MODULES = YES;
				CLANG_ENABLE_OBJC_ARC = YES;
				CLANG_WARN_BLOCK_CAPTURE_AUTORELEASING = YES;
				CLANG_WARN_BOOL_CONVERSION = YES;
				CLANG_WARN_COMMA = YES;
				CLANG_WARN_CONSTANT_CONVERSION = YES;
				CLANG_WARN_DIRECT_OBJC_ISA_USAGE = YES_ERROR;
				CLANG_WARN_DOCUMENTATION_COMMENTS = YES;
				CLANG_WARN_EMPTY_BODY = YES;
				CLANG_WARN_ENUM_CONVERSION = YES;
				CLANG_WARN_INFINITE_RECURSION = YES;
				CLANG_WARN_INT_CONVERSION = YES;
				CLANG_WARN_NON_LITERAL_NULL_CONVERSION = YES;
				CLANG_WARN_OBJC_LITERAL_CONVERSION = YES;
				CLANG_WARN_OBJC_ROOT_CLASS = YES_ERROR;
				CLANG_WARN_RANGE_LOOP_ANALYSIS = YES;
				CLANG_WARN_STRICT_PROTOTYPES = YES;
				CLANG_WARN_SUSPICIOUS_MOVE = YES;
				CLANG_WARN_UNGUARDED_AVAILABILITY = YES_AGGRESSIVE;
				CLANG_WARN_UNREACHABLE_CODE = YES;
				CLANG_WARN__DUPLICATE_METHOD_MATCH = YES;
				CODE_SIGN_IDENTITY = "iPhone Developer";
				COPY_PHASE_STRIP = NO;
				DEBUG_INFORMATION_FORMAT = dwarf;
				ENABLE_STRICT_OBJC_MSGSEND = YES;
				ENABLE_TESTABILITY = YES;
				GCC_C_LANGUAGE_STANDARD = gnu11;
				GCC_DYNAMIC_NO_PIC = NO;
				GCC_NO_COMMON_BLOCKS = YES;
				GCC_OPTIMIZATION_LEVEL = 0;
				GCC_PREPROCESSOR_DEFINITIONS = (
					"DEBUG=1",
					"$(inherited)",
				);
				GCC_WARN_64_TO_32_BIT_CONVERSION = YES;
				GCC_WARN_ABOUT_RETURN_TYPE = YES_ERROR;
				GCC_WARN_UNDECLARED_SELECTOR = YES;
				GCC_WARN_UNINITIALIZED_AUTOS = YES_AGGRESSIVE;
				GCC_WARN_UNUSED_FUNCTION = YES;
				GCC_WARN_UNUSED_VARIABLE = YES;
				IPHONEOS_DEPLOYMENT_TARGET = 11.0;
				MTL_ENABLE_DEBUG_INFO = YES;
				ONLY_ACTIVE_ARCH = YES;
				SDKROOT = iphoneos;
				SWIFT_ACTIVE_COMPILATION_CONDITIONS = DEBUG;
				SWIFT_OPTIMIZATION_LEVEL = "-Onone";
			};
			name = Debug;
		};
		391AEA861F82248900FDB639 /* Release */ = {
			isa = XCBuildConfiguration;
			buildSettings = {
				ALWAYS_SEARCH_USER_PATHS = NO;
				CLANG_ANALYZER_NONNULL = YES;
				CLANG_ANALYZER_NUMBER_OBJECT_CONVERSION = YES_AGGRESSIVE;
				CLANG_CXX_LANGUAGE_STANDARD = "gnu++14";
				CLANG_CXX_LIBRARY = "libc++";
				CLANG_ENABLE_MODULES = YES;
				CLANG_ENABLE_OBJC_ARC = YES;
				CLANG_WARN_BLOCK_CAPTURE_AUTORELEASING = YES;
				CLANG_WARN_BOOL_CONVERSION = YES;
				CLANG_WARN_COMMA = YES;
				CLANG_WARN_CONSTANT_CONVERSION = YES;
				CLANG_WARN_DIRECT_OBJC_ISA_USAGE = YES_ERROR;
				CLANG_WARN_DOCUMENTATION_COMMENTS = YES;
				CLANG_WARN_EMPTY_BODY = YES;
				CLANG_WARN_ENUM_CONVERSION = YES;
				CLANG_WARN_INFINITE_RECURSION = YES;
				CLANG_WARN_INT_CONVERSION = YES;
				CLANG_WARN_NON_LITERAL_NULL_CONVERSION = YES;
				CLANG_WARN_OBJC_LITERAL_CONVERSION = YES;
				CLANG_WARN_OBJC_ROOT_CLASS = YES_ERROR;
				CLANG_WARN_RANGE_LOOP_ANALYSIS = YES;
				CLANG_WARN_STRICT_PROTOTYPES = YES;
				CLANG_WARN_SUSPICIOUS_MOVE = YES;
				CLANG_WARN_UNGUARDED_AVAILABILITY = YES_AGGRESSIVE;
				CLANG_WARN_UNREACHABLE_CODE = YES;
				CLANG_WARN__DUPLICATE_METHOD_MATCH = YES;
				CODE_SIGN_IDENTITY = "iPhone Developer";
				COPY_PHASE_STRIP = NO;
				DEBUG_INFORMATION_FORMAT = "dwarf-with-dsym";
				ENABLE_NS_ASSERTIONS = NO;
				ENABLE_STRICT_OBJC_MSGSEND = YES;
				GCC_C_LANGUAGE_STANDARD = gnu11;
				GCC_NO_COMMON_BLOCKS = YES;
				GCC_WARN_64_TO_32_BIT_CONVERSION = YES;
				GCC_WARN_ABOUT_RETURN_TYPE = YES_ERROR;
				GCC_WARN_UNDECLARED_SELECTOR = YES;
				GCC_WARN_UNINITIALIZED_AUTOS = YES_AGGRESSIVE;
				GCC_WARN_UNUSED_FUNCTION = YES;
				GCC_WARN_UNUSED_VARIABLE = YES;
				IPHONEOS_DEPLOYMENT_TARGET = 11.0;
				MTL_ENABLE_DEBUG_INFO = NO;
				SDKROOT = iphoneos;
				SWIFT_OPTIMIZATION_LEVEL = "-Owholemodule";
				VALIDATE_PRODUCT = YES;
			};
			name = Release;
		};
		391AEA881F82248900FDB639 /* Debug */ = {
			isa = XCBuildConfiguration;
			buildSettings = {
				ASSETCATALOG_COMPILER_APPICON_NAME = AppIcon;
				CODE_SIGN_STYLE = Automatic;
				INFOPLIST_FILE = Observer_Swift_Demo/Info.plist;
				LD_RUNPATH_SEARCH_PATHS = "$(inherited) @executable_path/Frameworks";
				PRODUCT_BUNDLE_IDENTIFIER = "txx.com.www.Observer-Swift-Demo";
				PRODUCT_NAME = "$(TARGET_NAME)";
				SWIFT_VERSION = 4.0;
				TARGETED_DEVICE_FAMILY = "1,2";
			};
			name = Debug;
		};
		391AEA891F82248900FDB639 /* Release */ = {
			isa = XCBuildConfiguration;
			buildSettings = {
				ASSETCATALOG_COMPILER_APPICON_NAME = AppIcon;
				CODE_SIGN_STYLE = Automatic;
				INFOPLIST_FILE = Observer_Swift_Demo/Info.plist;
				LD_RUNPATH_SEARCH_PATHS = "$(inherited) @executable_path/Frameworks";
				PRODUCT_BUNDLE_IDENTIFIER = "txx.com.www.Observer-Swift-Demo";
				PRODUCT_NAME = "$(TARGET_NAME)";
				SWIFT_VERSION = 4.0;
				TARGETED_DEVICE_FAMILY = "1,2";
			};
			name = Release;
		};
/* End XCBuildConfiguration section */

/* Begin XCConfigurationList section */
		391AEA701F82248800FDB639 /* Build configuration list for PBXProject "Observer_Swift_Demo" */ = {
			isa = XCConfigurationList;
			buildConfigurations = (
				391AEA851F82248900FDB639 /* Debug */,
				391AEA861F82248900FDB639 /* Release */,
			);
			defaultConfigurationIsVisible = 0;
			defaultConfigurationName = Release;
		};
		391AEA871F82248900FDB639 /* Build configuration list for PBXNativeTarget "Observer_Swift_Demo" */ = {
			isa = XCConfigurationList;
			buildConfigurations = (
				391AEA881F82248900FDB639 /* Debug */,
				391AEA891F82248900FDB639 /* Release */,
			);
			defaultConfigurationIsVisible = 0;
			defaultConfigurationName = Release;
		};
/* End XCConfigurationList section */
	};
	rootObject = 391AEA6D1F82248800FDB639 /* Project object */;
}
